
Microsoft Visual Studio Solution File, Format Version 12.00
# Visual Studio Version 17
VisualStudioVersion = 17.6.33815.320
MinimumVisualStudioVersion = 10.0.40219.1
Project("{FAE04EC0-301F-11D3-BF4B-00C04F79EFBC}") = "Nuke", "Nuke.csproj", "{544317AE-39E6-42F1-B66B-F84D372D03A8}"
EndProject
Global
	GlobalSection(SolutionConfigurationPlatforms) = preSolution
		Debug|Any CPU = Debug|Any CPU
		Release|Any CPU = Release|Any CPU
	EndGlobalSection
	GlobalSection(ProjectConfigurationPlatforms) = postSolution
		{544317AE-39E6-42F1-B66B-F84D372D03A8}.Debug|Any CPU.ActiveCfg = Debug|Any CPU
		{544317AE-39E6-42F1-B66B-F84D372D03A8}.Debug|Any CPU.Build.0 = Debug|Any CPU
		{544317AE-39E6-42F1-B66B-F84D372D03A8}.Release|Any CPU.ActiveCfg = Release|Any CPU
		{544317AE-39E6-42F1-B66B-F84D372D03A8}.Release|Any CPU.Build.0 = Release|Any CPU
	EndGlobalSection
	GlobalSection(SolutionProperties) = preSolution
		HideSolutionNode = FALSE
	EndGlobalSection
	GlobalSection(ExtensibilityGlobals) = postSolution
		SolutionGuid = {77E8F621-CACC-4324-9C7E-C0EB01FA74E1}
	EndGlobalSection
EndGlobal
